Microsoft Visual Studio Solution File, Format Version 12.00
# Visual Studio 2012
Project("{FAE04EC0-301F-11D3-BF4B-00C04F79EFBC}") = "Alchemy Circle Generator", "Alchemy Circle Generator.csproj", "{51EF7D7E-AC8C-4D1B-800A-0DA19B082BAB}"
EndProject
Global
	GlobalSection(SolutionConfigurationPlatforms) = preSolution
	Debug|Any CPU = Debug|Any CPU
	ExportDebug|Any CPU = ExportDebug|Any CPU
	ExportRelease|Any CPU = ExportRelease|Any CPU
	EndGlobalSection
	GlobalSection(ProjectConfigurationPlatforms) = postSolution
		{51EF7D7E-AC8C-4D1B-800A-0DA19B082BAB}.Debug|Any CPU.ActiveCfg = Debug|Any CPU
		{51EF7D7E-AC8C-4D1B-800A-0DA19B082BAB}.Debug|Any CPU.Build.0 = Debug|Any CPU
		{51EF7D7E-AC8C-4D1B-800A-0DA19B082BAB}.ExportDebug|Any CPU.ActiveCfg = ExportDebug|Any CPU
		{51EF7D7E-AC8C-4D1B-800A-0DA19B082BAB}.ExportDebug|Any CPU.Build.0 = ExportDebug|Any CPU
		{51EF7D7E-AC8C-4D1B-800A-0DA19B082BAB}.ExportRelease|Any CPU.ActiveCfg = ExportRelease|Any CPU
		{51EF7D7E-AC8C-4D1B-800A-0DA19B082BAB}.ExportRelease|Any CPU.Build.0 = ExportRelease|Any CPU
	EndGlobalSection
EndGlobal
